
Microsoft Visual Studio Solution File, Format Version 12.00
# Visual Studio Version 17
VisualStudioVersion = 17.13.35931.197 d17.13
MinimumVisualStudioVersion = 10.0.40219.1
Project("{FAE04EC0-301F-11D3-BF4B-00C04F79EFBC}") = "backend", "backend.csproj", "{8113AFC8-6160-4C4D-A070-4F387ADCA185}"
EndProject
Global
	GlobalSection(SolutionConfigurationPlatforms) = preSolution
		Debug|Any CPU = Debug|Any CPU
		Release|Any CPU = Release|Any CPU
	EndGlobalSection
	GlobalSection(ProjectConfigurationPlatforms) = postSolution
		{8113AFC8-6160-4C4D-A070-4F387ADCA185}.Debug|Any CPU.ActiveCfg = Debug|Any CPU
		{8113AFC8-6160-4C4D-A070-4F387ADCA185}.Debug|Any CPU.Build.0 = Debug|Any CPU
		{8113AFC8-6160-4C4D-A070-4F387ADCA185}.Release|Any CPU.ActiveCfg = Release|Any CPU
		{8113AFC8-6160-4C4D-A070-4F387ADCA185}.Release|Any CPU.Build.0 = Release|Any CPU
	EndGlobalSection
	GlobalSection(SolutionProperties) = preSolution
		HideSolutionNode = FALSE
	EndGlobalSection
	GlobalSection(ExtensibilityGlobals) = postSolution
		SolutionGuid = {A67BB5C8-FBD5-4491-92F2-0EC5F8E06E5B}
	EndGlobalSection
EndGlobal
